{
  "name": "api",
  "version": "0.0.0",
  "dependencies": {
    "async": {
      "version": "0.9.0",
      "from": "async@",
      "resolved": "https://registry.npmjs.org/async/-/async-0.9.0.tgz"
    },
    "cookies": {
      "version": "0.1.6",
      "from": "cookies@0.1.6"
    },
    "debug": {
      "version": "0.7.4",
      "from": "debug@~0.7.4",
      "resolved": "https://registry.npmjs.org/debug/-/debug-0.7.4.tgz"
    },
    "express": {
      "version": "4.2.0",
      "from": "express@~4.2.0",
      "resolved": "https://registry.npmjs.org/express/-/express-4.2.0.tgz",
      "dependencies": {
        "parseurl": {
          "version": "1.0.1",
          "from": "parseurl@1.0.1",
          "resolved": "https://registry.npmjs.org/parseurl/-/parseurl-1.0.1.tgz"
        },
        "accepts": {
          "version": "1.0.1",
          "from": "accepts@1.0.1",
          "resolved": "https://registry.npmjs.org/accepts/-/accepts-1.0.1.tgz",
          "dependencies": {
            "negotiator": {
              "version": "0.4.7",
              "from": "negotiator@~0.4.0",
              "resolved": "https://registry.npmjs.org/negotiator/-/negotiator-0.4.7.tgz"
            }
          }
        },
        "type-is": {
          "version": "1.1.0",
          "from": "type-is@~1.1.0",
          "resolved": "https://registry.npmjs.org/type-is/-/type-is-1.1.0.tgz"
        },
        "range-parser": {
          "version": "1.0.0",
          "from": "range-parser@1.0.0",
          "resolved": "https://registry.npmjs.org/range-parser/-/range-parser-1.0.0.tgz"
        },
        "cookie": {
          "version": "0.1.2",
          "from": "cookie@0.1.2",
          "resolved": "https://registry.npmjs.org/cookie/-/cookie-0.1.2.tgz"
        },
        "buffer-crc32": {
          "version": "0.2.1",
          "from": "buffer-crc32@0.2.1",
          "resolved": "https://registry.npmjs.org/buffer-crc32/-/buffer-crc32-0.2.1.tgz"
        },
        "fresh": {
          "version": "0.2.2",
          "from": "fresh@0.2.2",
          "resolved": "https://registry.npmjs.org/fresh/-/fresh-0.2.2.tgz"
        },
        "methods": {
          "version": "1.0.0",
          "from": "methods@1.0.0",
          "resolved": "https://registry.npmjs.org/methods/-/methods-1.0.0.tgz"
        },
        "send": {
          "version": "0.3.0",
          "from": "send@0.3.0",
          "resolved": "https://registry.npmjs.org/send/-/send-0.3.0.tgz",
          "dependencies": {
            "debug": {
              "version": "0.8.0",
              "from": "debug@0.8.0"
            }
          }
        },
        "cookie-signature": {
          "version": "1.0.3",
          "from": "cookie-signature@1.0.3",
          "resolved": "https://registry.npmjs.org/cookie-signature/-/cookie-signature-1.0.3.tgz"
        },
        "merge-descriptors": {
          "version": "0.0.2",
          "from": "merge-descriptors@0.0.2",
          "resolved": "https://registry.npmjs.org/merge-descriptors/-/merge-descriptors-0.0.2.tgz"
        },
        "utils-merge": {
          "version": "1.0.0",
          "from": "utils-merge@1.0.0",
          "resolved": "https://registry.npmjs.org/utils-merge/-/utils-merge-1.0.0.tgz"
        },
        "escape-html": {
          "version": "1.0.1",
          "from": "escape-html@1.0.1",
          "resolved": "https://registry.npmjs.org/escape-html/-/escape-html-1.0.1.tgz"
        },
        "serve-static": {
          "version": "1.1.0",
          "from": "serve-static@1.1.0",
          "resolved": "https://registry.npmjs.org/serve-static/-/serve-static-1.1.0.tgz"
        },
        "path-to-regexp": {
          "version": "0.1.2",
          "from": "path-to-regexp@0.1.2",
          "resolved": "https://registry.npmjs.org/path-to-regexp/-/path-to-regexp-0.1.2.tgz"
        },
        "debug": {
          "version": "0.8.1",
          "from": "debug@0.8.1"
        }
      }
    },
    "immortal-ntwitter": {
      "version": "0.0.9",
      "from": "git://github.com/horixon/immortal-ntwitter.git",
      "resolved": "git://github.com/horixon/immortal-ntwitter.git#a9c2477a9f54e4e4994f72bd246a55759bd44e93",
      "dependencies": {
        "ntwitter": {
          "version": "0.5.0",
          "from": "ntwitter@git://github.com/horixon/ntwitter.git#master",
          "resolved": "git://github.com/horixon/ntwitter.git#0fcb79f4d4e14905a686c9c6cf2091bb05704bdc"
        }
      }
    },
    "keygrip": {
      "version": "0.2.4",
      "from": "keygrip@0.2.4"
    },
    "mime": {
      "version": "1.2.11",
      "from": "mime@1.2.11"
    },
    "morgan": {
      "version": "1.0.1",
      "from": "morgan@~1.0.0",
      "resolved": "https://registry.npmjs.org/morgan/-/morgan-1.0.1.tgz",
      "dependencies": {
        "bytes": {
          "version": "0.3.0",
          "from": "bytes@0.3.0",
          "resolved": "https://registry.npmjs.org/bytes/-/bytes-0.3.0.tgz"
        }
      }
    },
    "nconf": {
      "version": "0.6.9",
      "from": "nconf@",
      "dependencies": {
        "async": {
          "version": "0.2.9",
          "from": "async@0.2.9",
          "resolved": "https://registry.npmjs.org/async/-/async-0.2.9.tgz"
        },
        "ini": {
          "version": "1.2.1",
          "from": "ini@1.x.x",
          "resolved": "https://registry.npmjs.org/ini/-/ini-1.2.1.tgz"
        },
        "optimist": {
          "version": "0.6.0",
          "from": "optimist@0.6.0",
          "resolved": "https://registry.npmjs.org/optimist/-/optimist-0.6.0.tgz",
          "dependencies": {
            "wordwrap": {
              "version": "0.0.2",
              "from": "wordwrap@~0.0.2"
            },
            "minimist": {
              "version": "0.0.10",
              "from": "minimist@~0.0.1",
              "resolved": "https://registry.npmjs.org/minimist/-/minimist-0.0.10.tgz"
            }
          }
        }
      }
    },
    "ntwitter": {
      "version": "0.5.0",
      "from": "ntwitter@"
    },
    "oauth": {
      "version": "0.9.12",
      "from": "oauth@0.9.12",
      "resolved": "https://registry.npmjs.org/oauth/-/oauth-0.9.12.tgz"
    },
    "qs": {
      "version": "0.6.6",
      "from": "qs@0.6.6"
    },
    "reol": {
      "version": "0.2.2",
      "from": "reol@"
    },
    "request": {
      "version": "2.37.0",
      "from": "request@",
      "resolved": "https://registry.npmjs.org/request/-/request-2.37.0.tgz",
      "dependencies": {
        "json-stringify-safe": {
          "version": "5.0.0",
          "from": "json-stringify-safe@~5.0.0"
        },
        "mime-types": {
          "version": "1.0.1",
          "from": "mime-types@~1.0.1",
          "resolved": "https://registry.npmjs.org/mime-types/-/mime-types-1.0.1.tgz"
        },
        "forever-agent": {
          "version": "0.5.2",
          "from": "forever-agent@~0.5.0"
        },
        "node-uuid": {
          "version": "1.4.1",
          "from": "node-uuid@~1.4.0"
        },
        "tough-cookie": {
          "version": "0.12.1",
          "from": "tough-cookie@>=0.12.0",
          "dependencies": {
            "punycode": {
              "version": "1.3.0",
              "from": "punycode@>=0.2.0",
              "resolved": "https://registry.npmjs.org/punycode/-/punycode-1.3.0.tgz"
            }
          }
        },
        "form-data": {
          "version": "0.1.4",
          "from": "form-data@~0.1.0",
          "resolved": "https://registry.npmjs.org/form-data/-/form-data-0.1.4.tgz",
          "dependencies": {
            "combined-stream": {
              "version": "0.0.5",
              "from": "combined-stream@~0.0.4",
              "resolved": "https://registry.npmjs.org/combined-stream/-/combined-stream-0.0.5.tgz",
              "dependencies": {
                "delayed-stream": {
                  "version": "0.0.5",
                  "from": "delayed-stream@0.0.5",
                  "resolved": "https://registry.npmjs.org/delayed-stream/-/delayed-stream-0.0.5.tgz"
                }
              }
            }
          }
        },
        "tunnel-agent": {
          "version": "0.4.0",
          "from": "tunnel-agent@~0.4.0"
        },
        "http-signature": {
          "version": "0.10.0",
          "from": "http-signature@~0.10.0",
          "dependencies": {
            "assert-plus": {
              "version": "0.1.2",
              "from": "assert-plus@0.1.2",
              "resolved": "https://registry.npmjs.org/assert-plus/-/assert-plus-0.1.2.tgz"
            },
            "asn1": {
              "version": "0.1.11",
              "from": "asn1@0.1.11",
              "resolved": "https://registry.npmjs.org/asn1/-/asn1-0.1.11.tgz"
            },
            "ctype": {
              "version": "0.5.2",
              "from": "ctype@0.5.2",
              "resolved": "https://registry.npmjs.org/ctype/-/ctype-0.5.2.tgz"
            }
          }
        },
        "oauth-sign": {
          "version": "0.3.0",
          "from": "oauth-sign@~0.3.0"
        },
        "hawk": {
          "version": "1.1.1",
          "from": "hawk@1.1.1",
          "resolved": "https://registry.npmjs.org/hawk/-/hawk-1.1.1.tgz",
          "dependencies": {
            "hoek": {
              "version": "0.9.1",
              "from": "hoek@0.9.x"
            },
            "boom": {
              "version": "0.4.2",
              "from": "boom@0.4.x"
            },
            "cryptiles": {
              "version": "0.2.2",
              "from": "cryptiles@0.2.x"
            },
            "sntp": {
              "version": "0.2.4",
              "from": "sntp@0.2.x"
            }
          }
        },
        "aws-sign2": {
          "version": "0.5.0",
          "from": "aws-sign2@~0.5.0"
        }
      }
    }
  }
}
